
Microsoft Visual Studio Solution File, Format Version 12.00
# Visual Studio Version 17
VisualStudioVersion = 17.12.35707.178 d17.12
MinimumVisualStudioVersion = 10.0.40219.1
Project("{FAE04EC0-301F-11D3-BF4B-00C04F79EFBC}") = "Home_Subdiv_Web", "Home_Subdiv_Web\Home_Subdiv_Web.csproj", "{818168FA-54D5-4D20-A818-0EC68F2CECB8}"
EndProject
Global
	GlobalSection(SolutionConfigurationPlatforms) = preSolution
		Debug|Any CPU = Debug|Any CPU
		Release|Any CPU = Release|Any CPU
	EndGlobalSection
	GlobalSection(ProjectConfigurationPlatforms) = postSolution
		{818168FA-54D5-4D20-A818-0EC68F2CECB8}.Debug|Any CPU.ActiveCfg = Debug|Any CPU
		{818168FA-54D5-4D20-A818-0EC68F2CECB8}.Debug|Any CPU.Build.0 = Debug|Any CPU
		{818168FA-54D5-4D20-A818-0EC68F2CECB8}.Release|Any CPU.ActiveCfg = Release|Any CPU
		{818168FA-54D5-4D20-A818-0EC68F2CECB8}.Release|Any CPU.Build.0 = Release|Any CPU
	EndGlobalSection
	GlobalSection(SolutionProperties) = preSolution
		HideSolutionNode = FALSE
	EndGlobalSection
EndGlobal
